
Microsoft Visual Studio Solution File, Format Version 12.00
# Visual Studio Version 17
VisualStudioVersion = 17.1.32210.238
MinimumVisualStudioVersion = 10.0.40219.1
Project("{FAE04EC0-301F-11D3-BF4B-00C04F79EFBC}") = "ClassLibrary1", "ClassLibrary1\ClassLibrary1.csproj", "{3DE1E933-98AE-424A-8607-50C835FE0176}"
EndProject
Project("{FAE04EC0-301F-11D3-BF4B-00C04F79EFBC}") = "ConsoleApp1", "ConsoleApp1\ConsoleApp1.csproj", "{63D81881-58AD-4BCD-9EC5-0B38F339A390}"
EndProject
Project("{FAE04EC0-301F-11D3-BF4B-00C04F79EFBC}") = "WindowsFormsApp1", "WindowsFormsApp1\WindowsFormsApp1.csproj", "{3C236556-A607-49B8-AAF0-C5A597EC210A}"
EndProject
Project("{FAE04EC0-301F-11D3-BF4B-00C04F79EFBC}") = "WpfApp1", "WpfApp1\WpfApp1.csproj", "{52A3B6F7-A8EE-4DC8-9143-97E06D0C3A5B}"
EndProject
Global
	GlobalSection(SolutionConfigurationPlatforms) = preSolution
		Debug|Any CPU = Debug|Any CPU
		Release|Any CPU = Release|Any CPU
	EndGlobalSection
	GlobalSection(ProjectConfigurationPlatforms) = postSolution
		{3DE1E933-98AE-424A-8607-50C835FE0176}.Debug|Any CPU.ActiveCfg = Debug|Any CPU
		{3DE1E933-98AE-424A-8607-50C835FE0176}.Debug|Any CPU.Build.0 = Debug|Any CPU
		{3DE1E933-98AE-424A-8607-50C835FE0176}.Release|Any CPU.ActiveCfg = Release|Any CPU
		{3DE1E933-98AE-424A-8607-50C835FE0176}.Release|Any CPU.Build.0 = Release|Any CPU
		{63D81881-58AD-4BCD-9EC5-0B38F339A390}.Debug|Any CPU.ActiveCfg = Debug|Any CPU
		{63D81881-58AD-4BCD-9EC5-0B38F339A390}.Debug|Any CPU.Build.0 = Debug|Any CPU
		{63D81881-58AD-4BCD-9EC5-0B38F339A390}.Release|Any CPU.ActiveCfg = Release|Any CPU
		{63D81881-58AD-4BCD-9EC5-0B38F339A390}.Release|Any CPU.Build.0 = Release|Any CPU
		{3C236556-A607-49B8-AAF0-C5A597EC210A}.Debug|Any CPU.ActiveCfg = Debug|Any CPU
		{3C236556-A607-49B8-AAF0-C5A597EC210A}.Debug|Any CPU.Build.0 = Debug|Any CPU
		{3C236556-A607-49B8-AAF0-C5A597EC210A}.Release|Any CPU.ActiveCfg = Release|Any CPU
		{3C236556-A607-49B8-AAF0-C5A597EC210A}.Release|Any CPU.Build.0 = Release|Any CPU
		{52A3B6F7-A8EE-4DC8-9143-97E06D0C3A5B}.Debug|Any CPU.ActiveCfg = Debug|Any CPU
		{52A3B6F7-A8EE-4DC8-9143-97E06D0C3A5B}.Debug|Any CPU.Build.0 = Debug|Any CPU
		{52A3B6F7-A8EE-4DC8-9143-97E06D0C3A5B}.Release|Any CPU.ActiveCfg = Release|Any CPU
		{52A3B6F7-A8EE-4DC8-9143-97E06D0C3A5B}.Release|Any CPU.Build.0 = Release|Any CPU
	EndGlobalSection
	GlobalSection(SolutionProperties) = preSolution
		HideSolutionNode = FALSE
	EndGlobalSection
	GlobalSection(ExtensibilityGlobals) = postSolution
		SolutionGuid = {CEABC532-DE06-40B3-9B08-2A1BF41726A3}
	EndGlobalSection
EndGlobal
